
Microsoft Visual Studio Solution File, Format Version 12.00
# Visual Studio 2013
VisualStudioVersion = 12.0.40629.0
MinimumVisualStudioVersion = 10.0.40219.1
Project("{FAE04EC0-301F-11D3-BF4B-00C04F79EFBC}") = "正则表达式验证输入信息", "正则表达式验证输入信息\正则表达式验证输入信息.csproj", "{31D6CCC6-96A7-432E-AD27-0F1688C9E43E}"
EndProject
Global
	GlobalSection(SolutionConfigurationPlatforms) = preSolution
		Debug|Any CPU = Debug|Any CPU
		Release|Any CPU = Release|Any CPU
	EndGlobalSection
	GlobalSection(ProjectConfigurationPlatforms) = postSolution
		{31D6CCC6-96A7-432E-AD27-0F1688C9E43E}.Debug|Any CPU.ActiveCfg = Debug|Any CPU
		{31D6CCC6-96A7-432E-AD27-0F1688C9E43E}.Debug|Any CPU.Build.0 = Debug|Any CPU
		{31D6CCC6-96A7-432E-AD27-0F1688C9E43E}.Release|Any CPU.ActiveCfg = Release|Any CPU
		{31D6CCC6-96A7-432E-AD27-0F1688C9E43E}.Release|Any CPU.Build.0 = Release|Any CPU
	EndGlobalSection
	GlobalSection(SolutionProperties) = preSolution
		HideSolutionNode = FALSE
	EndGlobalSection
EndGlobal
