
Microsoft Visual Studio Solution File, Format Version 12.00
# Visual Studio 2013
VisualStudioVersion = 12.0.40629.0
MinimumVisualStudioVersion = 10.0.40219.1
Project("{FAE04EC0-301F-11D3-BF4B-00C04F79EFBC}") = "快速傅里叶变换", "快速傅里叶变换\快速傅里叶变换.csproj", "{21ACB61C-0661-42E5-8C57-CC83C9C6F49D}"
EndProject
Global
	GlobalSection(SolutionConfigurationPlatforms) = preSolution
		Debug|Any CPU = Debug|Any CPU
		Release|Any CPU = Release|Any CPU
	EndGlobalSection
	GlobalSection(ProjectConfigurationPlatforms) = postSolution
		{21ACB61C-0661-42E5-8C57-CC83C9C6F49D}.Debug|Any CPU.ActiveCfg = Debug|Any CPU
		{21ACB61C-0661-42E5-8C57-CC83C9C6F49D}.Debug|Any CPU.Build.0 = Debug|Any CPU
		{21ACB61C-0661-42E5-8C57-CC83C9C6F49D}.Release|Any CPU.ActiveCfg = Release|Any CPU
		{21ACB61C-0661-42E5-8C57-CC83C9C6F49D}.Release|Any CPU.Build.0 = Release|Any CPU
	EndGlobalSection
	GlobalSection(SolutionProperties) = preSolution
		HideSolutionNode = FALSE
	EndGlobalSection
EndGlobal
