
Microsoft Visual Studio Solution File, Format Version 12.00
# Visual Studio 2013
VisualStudioVersion = 12.0.40629.0
MinimumVisualStudioVersion = 10.0.40219.1
Project("{FAE04EC0-301F-11D3-BF4B-00C04F79EFBC}") = "阶乘", "阶乘\阶乘.csproj", "{0AAA4D2D-89B7-40E2-B4C6-B0B6C3D7A146}"
EndProject
Global
	GlobalSection(SolutionConfigurationPlatforms) = preSolution
		Debug|Any CPU = Debug|Any CPU
		Release|Any CPU = Release|Any CPU
	EndGlobalSection
	GlobalSection(ProjectConfigurationPlatforms) = postSolution
		{0AAA4D2D-89B7-40E2-B4C6-B0B6C3D7A146}.Debug|Any CPU.ActiveCfg = Debug|Any CPU
		{0AAA4D2D-89B7-40E2-B4C6-B0B6C3D7A146}.Debug|Any CPU.Build.0 = Debug|Any CPU
		{0AAA4D2D-89B7-40E2-B4C6-B0B6C3D7A146}.Release|Any CPU.ActiveCfg = Release|Any CPU
		{0AAA4D2D-89B7-40E2-B4C6-B0B6C3D7A146}.Release|Any CPU.Build.0 = Release|Any CPU
	EndGlobalSection
	GlobalSection(SolutionProperties) = preSolution
		HideSolutionNode = FALSE
	EndGlobalSection
EndGlobal
